
Microsoft Visual Studio Solution File, Format Version 12.00
# Visual Studio Version 17
VisualStudioVersion = 17.2.32616.157
MinimumVisualStudioVersion = 10.0.40219.1
Project("{FAE04EC0-301F-11D3-BF4B-00C04F79EFBC}") = "WinFormsApp1", "WinFormsApp1\WinFormsApp1.csproj", "{F3E5506F-BD34-4EAF-9F0F-EFACA93A7CDD}"
EndProject
Global
	GlobalSection(SolutionConfigurationPlatforms) = preSolution
		Debug|Any CPU = Debug|Any CPU
		Release|Any CPU = Release|Any CPU
	EndGlobalSection
	GlobalSection(ProjectConfigurationPlatforms) = postSolution
		{F3E5506F-BD34-4EAF-9F0F-EFACA93A7CDD}.Debug|Any CPU.ActiveCfg = Debug|Any CPU
		{F3E5506F-BD34-4EAF-9F0F-EFACA93A7CDD}.Debug|Any CPU.Build.0 = Debug|Any CPU
		{F3E5506F-BD34-4EAF-9F0F-EFACA93A7CDD}.Release|Any CPU.ActiveCfg = Release|Any CPU
		{F3E5506F-BD34-4EAF-9F0F-EFACA93A7CDD}.Release|Any CPU.Build.0 = Release|Any CPU
	EndGlobalSection
	GlobalSection(SolutionProperties) = preSolution
		HideSolutionNode = FALSE
	EndGlobalSection
	GlobalSection(ExtensibilityGlobals) = postSolution
		SolutionGuid = {2AD495F1-B05F-4856-8FBE-680B8886B415}
	EndGlobalSection
EndGlobal
